
Microsoft Visual Studio Solution File, Format Version 12.00
# Visual Studio 14
VisualStudioVersion = 14.0.25420.1
MinimumVisualStudioVersion = 10.0.40219.1
Project("{FAE04EC0-301F-11D3-BF4B-00C04F79EFBC}") = "GameLogic", "GameLogic\GameLogic.csproj", "{7D7CC9D5-ED7F-49BA-833B-BDD70F5DCC16}"
EndProject
Project("{FAE04EC0-301F-11D3-BF4B-00C04F79EFBC}") = "GameUI", "GameUI\GameUI.csproj", "{5BF7A5D8-39C4-4013-B1C8-872B7204741A}"
EndProject
Project("{2150E333-8FDC-42A3-9474-1A3956D46DE8}") = "Solution Items", "Solution Items", "{82334620-D06A-4FFB-B999-1E662DF7FE51}"
	ProjectSection(SolutionItems) = preProject
		SubmitDetails.txt = SubmitDetails.txt
	EndProjectSection
EndProject
Global
	GlobalSection(SolutionConfigurationPlatforms) = preSolution
		Debug|Any CPU = Debug|Any CPU
		Release|Any CPU = Release|Any CPU
	EndGlobalSection
	GlobalSection(ProjectConfigurationPlatforms) = postSolution
		{7D7CC9D5-ED7F-49BA-833B-BDD70F5DCC16}.Debug|Any CPU.ActiveCfg = Debug|Any CPU
		{7D7CC9D5-ED7F-49BA-833B-BDD70F5DCC16}.Debug|Any CPU.Build.0 = Debug|Any CPU
		{7D7CC9D5-ED7F-49BA-833B-BDD70F5DCC16}.Release|Any CPU.ActiveCfg = Release|Any CPU
		{7D7CC9D5-ED7F-49BA-833B-BDD70F5DCC16}.Release|Any CPU.Build.0 = Release|Any CPU
		{5BF7A5D8-39C4-4013-B1C8-872B7204741A}.Debug|Any CPU.ActiveCfg = Debug|Any CPU
		{5BF7A5D8-39C4-4013-B1C8-872B7204741A}.Debug|Any CPU.Build.0 = Debug|Any CPU
		{5BF7A5D8-39C4-4013-B1C8-872B7204741A}.Release|Any CPU.ActiveCfg = Release|Any CPU
		{5BF7A5D8-39C4-4013-B1C8-872B7204741A}.Release|Any CPU.Build.0 = Release|Any CPU
	EndGlobalSection
	GlobalSection(SolutionProperties) = preSolution
		HideSolutionNode = FALSE
	EndGlobalSection
EndGlobal
